// !$*UTF8*$!
{
	archiveVersion = 1;
	classes = {
	};
	objectVersion = 46;
	objects = {

/* Begin PBXBuildFile section */
		45078FE61D39482100E74F43 /* HeaderViewController.swift in Sources */ = {isa = PBXBuildFile; fileRef = 45078FE51D39482100E74F43 /* HeaderViewController.swift */; };
		45078FE91D3A2D1F00E74F43 /* HeaderView.swift in Sources */ = {isa = PBXBuildFile; fileRef = 45078FE81D3A2D1F00E74F43 /* HeaderView.swift */; };
		45078FEB1D3A2D2A00E74F43 /* HeaderView.xib in Resources */ = {isa = PBXBuildFile; fileRef = 45078FEA1D3A2D2A00E74F43 /* HeaderView.xib */; };
		4576E7661D38E4D4008E5CB8 /* DynamicHeightView.swift in Sources */ = {isa = PBXBuildFile; fileRef = 4576E7651D38E4D4008E5CB8 /* DynamicHeightView.swift */; };
		4576E7681D38E4EF008E5CB8 /* DynamicHeightView.xib in Resources */ = {isa = PBXBuildFile; fileRef = 4576E7671D38E4EF008E5CB8 /* DynamicHeightView.xib */; };
		4576E76C1D38FBA5008E5CB8 /* UIView+NibLoading.swift in Sources */ = {isa = PBXBuildFile; fileRef = 4576E76B1D38FBA5008E5CB8 /* UIView+NibLoading.swift */; };
		4576E76E1D39091D008E5CB8 /* CustomLabel.swift in Sources */ = {isa = PBXBuildFile; fileRef = 4576E76D1D39091D008E5CB8 /* CustomLabel.swift */; };
		4576E7701D390B46008E5CB8 /* String+Additions.swift in Sources */ = {isa = PBXBuildFile; fileRef = 4576E76F1D390B46008E5CB8 /* String+Additions.swift */; };
		457EFE291D38DD65003B35C3 /* AppDelegate.swift in Sources */ = {isa = PBXBuildFile; fileRef = 457EFE281D38DD65003B35C3 /* AppDelegate.swift */; };
		457EFE2B1D38DD65003B35C3 /* ViewController.swift in Sources */ = {isa = PBXBuildFile; fileRef = 457EFE2A1D38DD65003B35C3 /* ViewController.swift */; };
		457EFE2E1D38DD65003B35C3 /* Main.storyboard in Resources */ = {isa = PBXBuildFile; fileRef = 457EFE2C1D38DD65003B35C3 /* Main.storyboard */; };
		457EFE301D38DD65003B35C3 /* Assets.xcassets in Resources */ = {isa = PBXBuildFile; fileRef = 457EFE2F1D38DD65003B35C3 /* Assets.xcassets */; };
		457EFE331D38DD65003B35C3 /* LaunchScreen.storyboard in Resources */ = {isa = PBXBuildFile; fileRef = 457EFE311D38DD65003B35C3 /* LaunchScreen.storyboard */; };
/* End PBXBuildFile section */

/* Begin PBXFileReference section */
		45078FE51D39482100E74F43 /* HeaderViewController.swift */ = {isa = PBXFileReference; fileEncoding = 4; lastKnownFileType = sourcecode.swift; path = HeaderViewController.swift; sourceTree = "<group>"; };
		45078FE81D3A2D1F00E74F43 /* HeaderView.swift */ = {isa = PBXFileReference; fileEncoding = 4; lastKnownFileType = sourcecode.swift; path = HeaderView.swift; sourceTree = "<group>"; };
		45078FEA1D3A2D2A00E74F43 /* HeaderView.xib */ = {isa = PBXFileReference; fileEncoding = 4; lastKnownFileType = file.xib; path = HeaderView.xib; sourceTree = "<group>"; };
		4576E7651D38E4D4008E5CB8 /* DynamicHeightView.swift */ = {isa = PBXFileReference; fileEncoding = 4; lastKnownFileType = sourcecode.swift; path = DynamicHeightView.swift; sourceTree = "<group>"; };
		4576E7671D38E4EF008E5CB8 /* DynamicHeightView.xib */ = {isa = PBXFileReference; fileEncoding = 4; lastKnownFileType = file.xib; path = DynamicHeightView.xib; sourceTree = "<group>"; };
		4576E76B1D38FBA5008E5CB8 /* UIView+NibLoading.swift */ = {isa = PBXFileReference; fileEncoding = 4; lastKnownFileType = sourcecode.swift; path = "UIView+NibLoading.swift"; sourceTree = "<group>"; };
		4576E76D1D39091D008E5CB8 /* CustomLabel.swift */ = {isa = PBXFileReference; fileEncoding = 4; lastKnownFileType = sourcecode.swift; path = CustomLabel.swift; sourceTree = "<group>"; };
		4576E76F1D390B46008E5CB8 /* String+Additions.swift */ = {isa = PBXFileReference; fileEncoding = 4; lastKnownFileType = sourcecode.swift; path = "String+Additions.swift"; sourceTree = "<group>"; };
		457EFE251D38DD65003B35C3 /* StackViewTest.app */ = {isa = PBXFileReference; explicitFileType = wrapper.application; includeInIndex = 0; path = StackViewTest.app; sourceTree = BUILT_PRODUCTS_DIR; };
		457EFE281D38DD65003B35C3 /* AppDelegate.swift */ = {isa = PBXFileReference; lastKnownFileType = sourcecode.swift; path = AppDelegate.swift; sourceTree = "<group>"; };
		457EFE2A1D38DD65003B35C3 /* ViewController.swift */ = {isa = PBXFileReference; lastKnownFileType = sourcecode.swift; path = ViewController.swift; sourceTree = "<group>"; };
		457EFE2D1D38DD65003B35C3 /* Base */ = {isa = PBXFileReference; lastKnownFileType = file.storyboard; name = Base; path = Base.lproj/Main.storyboard; sourceTree = "<group>"; };
		457EFE2F1D38DD65003B35C3 /* Assets.xcassets */ = {isa = PBXFileReference; lastKnownFileType = folder.assetcatalog; path = Assets.xcassets; sourceTree = "<group>"; };
		457EFE321D38DD65003B35C3 /* Base */ = {isa = PBXFileReference; lastKnownFileType = file.storyboard; name = Base; path = Base.lproj/LaunchScreen.storyboard; sourceTree = "<group>"; };
		457EFE341D38DD65003B35C3 /* Info.plist */ = {isa = PBXFileReference; lastKnownFileType = text.plist.xml; path = Info.plist; sourceTree = "<group>"; };
/* End PBXFileReference section */

/* Begin PBXFrameworksBuildPhase section */
		457EFE221D38DD65003B35C3 /* Frameworks */ = {
			isa = PBXFrameworksBuildPhase;
			buildActionMask = 2147483647;
			files = (
			);
			runOnlyForDeploymentPostprocessing = 0;
		};
/* End PBXFrameworksBuildPhase section */

/* Begin PBXGroup section */
		45078FE71D3A2D1800E74F43 /* HeaderView */ = {
			isa = PBXGroup;
			children = (
				45078FE81D3A2D1F00E74F43 /* HeaderView.swift */,
				45078FEA1D3A2D2A00E74F43 /* HeaderView.xib */,
			);
			name = HeaderView;
			sourceTree = "<group>";
		};
		4576E7691D38E525008E5CB8 /* Views */ = {
			isa = PBXGroup;
			children = (
				45078FE71D3A2D1800E74F43 /* HeaderView */,
				4576E76A1D38E52F008E5CB8 /* DynamicHeightView */,
				4576E76B1D38FBA5008E5CB8 /* UIView+NibLoading.swift */,
			);
			name = Views;
			sourceTree = "<group>";
		};
		4576E76A1D38E52F008E5CB8 /* DynamicHeightView */ = {
			isa = PBXGroup;
			children = (
				4576E7651D38E4D4008E5CB8 /* DynamicHeightView.swift */,
				4576E7671D38E4EF008E5CB8 /* DynamicHeightView.xib */,
				4576E76D1D39091D008E5CB8 /* CustomLabel.swift */,
			);
			name = DynamicHeightView;
			sourceTree = "<group>";
		};
		457EFE1C1D38DD65003B35C3 = {
			isa = PBXGroup;
			children = (
				457EFE271D38DD65003B35C3 /* StackViewTest */,
				457EFE261D38DD65003B35C3 /* Products */,
			);
			sourceTree = "<group>";
		};
		457EFE261D38DD65003B35C3 /* Products */ = {
			isa = PBXGroup;
			children = (
				457EFE251D38DD65003B35C3 /* StackViewTest.app */,
			);
			name = Products;
			sourceTree = "<group>";
		};
		457EFE271D38DD65003B35C3 /* StackViewTest */ = {
			isa = PBXGroup;
			children = (
				4576E7691D38E525008E5CB8 /* Views */,
				457EFE281D38DD65003B35C3 /* AppDelegate.swift */,
				457EFE2A1D38DD65003B35C3 /* ViewController.swift */,
				45078FE51D39482100E74F43 /* HeaderViewController.swift */,
				4576E76F1D390B46008E5CB8 /* String+Additions.swift */,
				457EFE2C1D38DD65003B35C3 /* Main.storyboard */,
				457EFE2F1D38DD65003B35C3 /* Assets.xcassets */,
				457EFE311D38DD65003B35C3 /* LaunchScreen.storyboard */,
				457EFE341D38DD65003B35C3 /* Info.plist */,
			);
			path = StackViewTest;
			sourceTree = "<group>";
		};
/* End PBXGroup section */

/* Begin PBXNativeTarget section */
		457EFE241D38DD65003B35C3 /* StackViewTest */ = {
			isa = PBXNativeTarget;
			buildConfigurationList = 457EFE371D38DD65003B35C3 /* Build configuration list for PBXNativeTarget "StackViewTest" */;
			buildPhases = (
				457EFE211D38DD65003B35C3 /* Sources */,
				457EFE221D38DD65003B35C3 /* Frameworks */,
				457EFE231D38DD65003B35C3 /* Resources */,
			);
			buildRules = (
			);
			dependencies = (
			);
			name = StackViewTest;
			productName = StackViewTest;
			productReference = 457EFE251D38DD65003B35C3 /* StackViewTest.app */;
			productType = "com.apple.product-type.application";
		};
/* End PBXNativeTarget section */

/* Begin PBXProject section */
		457EFE1D1D38DD65003B35C3 /* Project object */ = {
			isa = PBXProject;
			attributes = {
				LastSwiftUpdateCheck = 0730;
				LastUpgradeCheck = 0800;
				ORGANIZATIONNAME = Test;
				TargetAttributes = {
					457EFE241D38DD65003B35C3 = {
						CreatedOnToolsVersion = 7.3.1;
						LastSwiftMigration = 0800;
					};
				};
			};
			buildConfigurationList = 457EFE201D38DD65003B35C3 /* Build configuration list for PBXProject "StackViewTest" */;
			compatibilityVersion = "Xcode 3.2";
			developmentRegion = English;
			hasScannedForEncodings = 0;
			knownRegions = (
				en,
				Base,
			);
			mainGroup = 457EFE1C1D38DD65003B35C3;
			productRefGroup = 457EFE261D38DD65003B35C3 /* Products */;
			projectDirPath = "";
			projectRoot = "";
			targets = (
				457EFE241D38DD65003B35C3 /* StackViewTest */,
			);
		};
/* End PBXProject section */

/* Begin PBXResourcesBuildPhase section */
		457EFE231D38DD65003B35C3 /* Resources */ = {
			isa = PBXResourcesBuildPhase;
			buildActionMask = 2147483647;
			files = (
				457EFE331D38DD65003B35C3 /* LaunchScreen.storyboard in Resources */,
				45078FEB1D3A2D2A00E74F43 /* HeaderView.xib in Resources */,
				457EFE301D38DD65003B35C3 /* Assets.xcassets in Resources */,
				457EFE2E1D38DD65003B35C3 /* Main.storyboard in Resources */,
				4576E7681D38E4EF008E5CB8 /* DynamicHeightView.xib in Resources */,
			);
			runOnlyForDeploymentPostprocessing = 0;
		};
/* End PBXResourcesBuildPhase section */

/* Begin PBXSourcesBuildPhase section */
		457EFE211D38DD65003B35C3 /* Sources */ = {
			isa = PBXSourcesBuildPhase;
			buildActionMask = 2147483647;
			files = (
				4576E7661D38E4D4008E5CB8 /* DynamicHeightView.swift in Sources */,
				45078FE61D39482100E74F43 /* HeaderViewController.swift in Sources */,
				4576E76E1D39091D008E5CB8 /* CustomLabel.swift in Sources */,
				4576E7701D390B46008E5CB8 /* String+Additions.swift in Sources */,
				4576E76C1D38FBA5008E5CB8 /* UIView+NibLoading.swift in Sources */,
				457EFE2B1D38DD65003B35C3 /* ViewController.swift in Sources */,
				457EFE291D38DD65003B35C3 /* AppDelegate.swift in Sources */,
				45078FE91D3A2D1F00E74F43 /* HeaderView.swift in Sources */,
			);
			runOnlyForDeploymentPostprocessing = 0;
		};
/* End PBXSourcesBuildPhase section */

/* Begin PBXVariantGroup section */
		457EFE2C1D38DD65003B35C3 /* Main.storyboard */ = {
			isa = PBXVariantGroup;
			children = (
				457EFE2D1D38DD65003B35C3 /* Base */,
			);
			name = Main.storyboard;
			sourceTree = "<group>";
		};
		457EFE311D38DD65003B35C3 /* LaunchScreen.storyboard */ = {
			isa = PBXVariantGroup;
			children = (
				457EFE321D38DD65003B35C3 /* Base */,
			);
			name = LaunchScreen.storyboard;
			sourceTree = "<group>";
		};
/* End PBXVariantGroup section */

/* Begin XCBuildConfiguration section */
		457EFE351D38DD65003B35C3 /* Debug */ = {
			isa = XCBuildConfiguration;
			buildSettings = {
				ALWAYS_SEARCH_USER_PATHS = NO;
				CLANG_ANALYZER_NONNULL = YES;
				CLANG_CXX_LANGUAGE_STANDARD = "gnu++0x";
				CLANG_CXX_LIBRARY = "libc++";
				CLANG_ENABLE_MODULES = YES;
				CLANG_ENABLE_OBJC_ARC = YES;
				CLANG_WARN_BOOL_CONVERSION = YES;
				CLANG_WARN_CONSTANT_CONVERSION = YES;
				CLANG_WARN_DIRECT_OBJC_ISA_USAGE = YES_ERROR;
				CLANG_WARN_EMPTY_BODY = YES;
				CLANG_WARN_ENUM_CONVERSION = YES;
				CLANG_WARN_INT_CONVERSION = YES;
				CLANG_WARN_OBJC_ROOT_CLASS = YES_ERROR;
				CLANG_WARN_UNREACHABLE_CODE = YES;
				CLANG_WARN__DUPLICATE_METHOD_MATCH = YES;
				"CODE_SIGN_IDENTITY[sdk=iphoneos*]" = "iPhone Developer";
				COPY_PHASE_STRIP = NO;
				DEBUG_INFORMATION_FORMAT = dwarf;
				ENABLE_STRICT_OBJC_MSGSEND = YES;
				ENABLE_TESTABILITY = YES;
				GCC_C_LANGUAGE_STANDARD = gnu99;
				GCC_DYNAMIC_NO_PIC = NO;
				GCC_NO_COMMON_BLOCKS = YES;
				GCC_OPTIMIZATION_LEVEL = 0;
				GCC_PREPROCESSOR_DEFINITIONS = (
					"DEBUG=1",
					"$(inherited)",
				);
				GCC_WARN_64_TO_32_BIT_CONVERSION = YES;
				GCC_WARN_ABOUT_RETURN_TYPE = YES_ERROR;
				GCC_WARN_UNDECLARED_SELECTOR = YES;
				GCC_WARN_UNINITIALIZED_AUTOS = YES_AGGRESSIVE;
				GCC_WARN_UNUSED_FUNCTION = YES;
				GCC_WARN_UNUSED_VARIABLE = YES;
				IPHONEOS_DEPLOYMENT_TARGET = 9.3;
				MTL_ENABLE_DEBUG_INFO = YES;
				ONLY_ACTIVE_ARCH = YES;
				SDKROOT = iphoneos;
				SWIFT_OPTIMIZATION_LEVEL = "-Onone";
				TARGETED_DEVICE_FAMILY = "1,2";
			};
			name = Debug;
		};
		457EFE361D38DD65003B35C3 /* Release */ = {
			isa = XCBuildConfiguration;
			buildSettings = {
				ALWAYS_SEARCH_USER_PATHS = NO;
				CLANG_ANALYZER_NONNULL = YES;
				CLANG_CXX_LANGUAGE_STANDARD = "gnu++0x";
				CLANG_CXX_LIBRARY = "libc++";
				CLANG_ENABLE_MODULES = YES;
				CLANG_ENABLE_OBJC_ARC = YES;
				CLANG_WARN_BOOL_CONVERSION = YES;
				CLANG_WARN_CONSTANT_CONVERSION = YES;
				CLANG_WARN_DIRECT_OBJC_ISA_USAGE = YES_ERROR;
				CLANG_WARN_EMPTY_BODY = YES;
				CLANG_WARN_ENUM_CONVERSION = YES;
				CLANG_WARN_INT_CONVERSION = YES;
				CLANG_WARN_OBJC_ROOT_CLASS = YES_ERROR;
				CLANG_WARN_UNREACHABLE_CODE = YES;
				CLANG_WARN__DUPLICATE_METHOD_MATCH = YES;
				"CODE_SIGN_IDENTITY[sdk=iphoneos*]" = "iPhone Developer";
				COPY_PHASE_STRIP = NO;
				DEBUG_INFORMATION_FORMAT = "dwarf-with-dsym";
				ENABLE_NS_ASSERTIONS = NO;
				ENABLE_STRICT_OBJC_MSGSEND = YES;
				GCC_C_LANGUAGE_STANDARD = gnu99;
				GCC_NO_COMMON_BLOCKS = YES;
				GCC_WARN_64_TO_32_BIT_CONVERSION = YES;
				GCC_WARN_ABOUT_RETURN_TYPE = YES_ERROR;
				GCC_WARN_UNDECLARED_SELECTOR = YES;
				GCC_WARN_UNINITIALIZED_AUTOS = YES_AGGRESSIVE;
				GCC_WARN_UNUSED_FUNCTION = YES;
				GCC_WARN_UNUSED_VARIABLE = YES;
				IPHONEOS_DEPLOYMENT_TARGET = 9.3;
				MTL_ENABLE_DEBUG_INFO = NO;
				SDKROOT = iphoneos;
				TARGETED_DEVICE_FAMILY = "1,2";
				VALIDATE_PRODUCT = YES;
			};
			name = Release;
		};
		457EFE381D38DD65003B35C3 /* Debug */ = {
			isa = XCBuildConfiguration;
			buildSettings = {
				ASSETCATALOG_COMPILER_APPICON_NAME = AppIcon;
				INFOPLIST_FILE = StackViewTest/Info.plist;
				LD_RUNPATH_SEARCH_PATHS = "$(inherited) @executable_path/Frameworks";
				PRODUCT_BUNDLE_IDENTIFIER = com.test.StackViewTest;
				PRODUCT_NAME = "$(TARGET_NAME)";
				SWIFT_VERSION = 3.0;
			};
			name = Debug;
		};
		457EFE391D38DD65003B35C3 /* Release */ = {
			isa = XCBuildConfiguration;
			buildSettings = {
				ASSETCATALOG_COMPILER_APPICON_NAME = AppIcon;
				INFOPLIST_FILE = StackViewTest/Info.plist;
				LD_RUNPATH_SEARCH_PATHS = "$(inherited) @executable_path/Frameworks";
				PRODUCT_BUNDLE_IDENTIFIER = com.test.StackViewTest;
				PRODUCT_NAME = "$(TARGET_NAME)";
				SWIFT_OPTIMIZATION_LEVEL = "-Owholemodule";
				SWIFT_VERSION = 3.0;
			};
			name = Release;
		};
/* End XCBuildConfiguration section */

/* Begin XCConfigurationList section */
		457EFE201D38DD65003B35C3 /* Build configuration list for PBXProject "StackViewTest" */ = {
			isa = XCConfigurationList;
			buildConfigurations = (
				457EFE351D38DD65003B35C3 /* Debug */,
				457EFE361D38DD65003B35C3 /* Release */,
			);
			defaultConfigurationIsVisible = 0;
			defaultConfigurationName = Release;
		};
		457EFE371D38DD65003B35C3 /* Build configuration list for PBXNativeTarget "StackViewTest" */ = {
			isa = XCConfigurationList;
			buildConfigurations = (
				457EFE381D38DD65003B35C3 /* Debug */,
				457EFE391D38DD65003B35C3 /* Release */,
			);
			defaultConfigurationIsVisible = 0;
			defaultConfigurationName = Release;
		};
/* End XCConfigurationList section */
	};
	rootObject = 457EFE1D1D38DD65003B35C3 /* Project object */;
}
